
Microsoft Visual Studio Solution File, Format Version 12.00
# Visual Studio 2015
Project("{FAE04EC0-301F-11D3-BF4B-00C04F79EFBC}") = "trashpandarescue.Plugins", "trashpandarescue.Plugins.csproj", "{F32378E3-8912-337B-B113-987FB1A22310}"
EndProject
Project("{FAE04EC0-301F-11D3-BF4B-00C04F79EFBC}") = "trashpandarescue", "trashpandarescue.csproj", "{006BD126-EE91-CE00-2E45-3BEE81BB4355}"
EndProject
Project("{FAE04EC0-301F-11D3-BF4B-00C04F79EFBC}") = "trashpandarescue.Editor.Plugins", "trashpandarescue.Editor.Plugins.csproj", "{84C8AD13-EDF4-6872-0FFF-30F2CF4DD367}"
EndProject
Project("{FAE04EC0-301F-11D3-BF4B-00C04F79EFBC}") = "trashpandarescue.Editor", "trashpandarescue.Editor.csproj", "{87ED4F17-7AAA-0F9A-0D26-40D80A9FD8BD}"
EndProject
Global
	GlobalSection(SolutionConfigurationPlatforms) = preSolution
		Debug|Any CPU = Debug|Any CPU
		Release|Any CPU = Release|Any CPU
	EndGlobalSection
	GlobalSection(ProjectConfigurationPlatforms) = postSolution
		{F32378E3-8912-337B-B113-987FB1A22310}.Debug|Any CPU.ActiveCfg = Debug|Any CPU
		{F32378E3-8912-337B-B113-987FB1A22310}.Debug|Any CPU.Build.0 = Debug|Any CPU
		{F32378E3-8912-337B-B113-987FB1A22310}.Release|Any CPU.ActiveCfg = Release|Any CPU
		{F32378E3-8912-337B-B113-987FB1A22310}.Release|Any CPU.Build.0 = Release|Any CPU
		{006BD126-EE91-CE00-2E45-3BEE81BB4355}.Debug|Any CPU.ActiveCfg = Debug|Any CPU
		{006BD126-EE91-CE00-2E45-3BEE81BB4355}.Debug|Any CPU.Build.0 = Debug|Any CPU
		{006BD126-EE91-CE00-2E45-3BEE81BB4355}.Release|Any CPU.ActiveCfg = Release|Any CPU
		{006BD126-EE91-CE00-2E45-3BEE81BB4355}.Release|Any CPU.Build.0 = Release|Any CPU
		{84C8AD13-EDF4-6872-0FFF-30F2CF4DD367}.Debug|Any CPU.ActiveCfg = Debug|Any CPU
		{84C8AD13-EDF4-6872-0FFF-30F2CF4DD367}.Debug|Any CPU.Build.0 = Debug|Any CPU
		{84C8AD13-EDF4-6872-0FFF-30F2CF4DD367}.Release|Any CPU.ActiveCfg = Release|Any CPU
		{84C8AD13-EDF4-6872-0FFF-30F2CF4DD367}.Release|Any CPU.Build.0 = Release|Any CPU
		{87ED4F17-7AAA-0F9A-0D26-40D80A9FD8BD}.Debug|Any CPU.ActiveCfg = Debug|Any CPU
		{87ED4F17-7AAA-0F9A-0D26-40D80A9FD8BD}.Debug|Any CPU.Build.0 = Debug|Any CPU
		{87ED4F17-7AAA-0F9A-0D26-40D80A9FD8BD}.Release|Any CPU.ActiveCfg = Release|Any CPU
		{87ED4F17-7AAA-0F9A-0D26-40D80A9FD8BD}.Release|Any CPU.Build.0 = Release|Any CPU
	EndGlobalSection
	GlobalSection(SolutionProperties) = preSolution
		HideSolutionNode = FALSE
	EndGlobalSection
EndGlobal
