
Microsoft Visual Studio Solution File, Format Version 11.00
# Visual Studio 2010
Project("{FAE04EC0-301F-11D3-BF4B-00C04F79EFBC}") = "trashpandarescue", "Assembly-CSharp.csproj", "{421990AF-D472-1C9E-2AE9-7024EA8F7F5F}"
EndProject
Project("{FAE04EC0-301F-11D3-BF4B-00C04F79EFBC}") = "trashpandarescue", "Assembly-CSharp-Editor.csproj", "{491906EF-5AC9-C7DD-A752-B12D176C95A9}"
EndProject
Global
	GlobalSection(SolutionConfigurationPlatforms) = preSolution
		Debug|Any CPU = Debug|Any CPU
		Release|Any CPU = Release|Any CPU
	EndGlobalSection
	GlobalSection(ProjectConfigurationPlatforms) = postSolution
		{421990AF-D472-1C9E-2AE9-7024EA8F7F5F}.Debug|Any CPU.ActiveCfg = Debug|Any CPU
		{421990AF-D472-1C9E-2AE9-7024EA8F7F5F}.Debug|Any CPU.Build.0 = Debug|Any CPU
		{421990AF-D472-1C9E-2AE9-7024EA8F7F5F}.Release|Any CPU.ActiveCfg = Release|Any CPU
		{421990AF-D472-1C9E-2AE9-7024EA8F7F5F}.Release|Any CPU.Build.0 = Release|Any CPU
		{491906EF-5AC9-C7DD-A752-B12D176C95A9}.Debug|Any CPU.ActiveCfg = Debug|Any CPU
		{491906EF-5AC9-C7DD-A752-B12D176C95A9}.Debug|Any CPU.Build.0 = Debug|Any CPU
		{491906EF-5AC9-C7DD-A752-B12D176C95A9}.Release|Any CPU.ActiveCfg = Release|Any CPU
		{491906EF-5AC9-C7DD-A752-B12D176C95A9}.Release|Any CPU.Build.0 = Release|Any CPU
	EndGlobalSection
	GlobalSection(SolutionProperties) = preSolution
		HideSolutionNode = FALSE
	EndGlobalSection
	GlobalSection(MonoDevelopProperties) = preSolution
		StartupItem = Assembly-CSharp.csproj
	EndGlobalSection
EndGlobal
